
Microsoft Visual Studio Solution File, Format Version 12.00
# Visual Studio 15
Project("{FAE04EC0-301F-11D3-BF4B-00C04F79EFBC}") = "Champions.Plugins", "Champions.Plugins.csproj", "{95548682-2F2E-1563-169C-F30F8F8D3C13}"
EndProject
Project("{FAE04EC0-301F-11D3-BF4B-00C04F79EFBC}") = "Champions", "Champions.csproj", "{1FEBDD64-F305-6F68-3F8A-2C281BC45F0E}"
EndProject
Project("{FAE04EC0-301F-11D3-BF4B-00C04F79EFBC}") = "Champions.Editor.Plugins", "Champions.Editor.Plugins.csproj", "{B90C723B-A9ED-787F-F128-910E991E02A1}"
EndProject
Global
	GlobalSection(SolutionConfigurationPlatforms) = preSolution
		Debug|Any CPU = Debug|Any CPU
		Release|Any CPU = Release|Any CPU
	EndGlobalSection
	GlobalSection(ProjectConfigurationPlatforms) = postSolution
		{95548682-2F2E-1563-169C-F30F8F8D3C13}.Debug|Any CPU.ActiveCfg = Debug|Any CPU
		{95548682-2F2E-1563-169C-F30F8F8D3C13}.Debug|Any CPU.Build.0 = Debug|Any CPU
		{95548682-2F2E-1563-169C-F30F8F8D3C13}.Release|Any CPU.ActiveCfg = Release|Any CPU
		{95548682-2F2E-1563-169C-F30F8F8D3C13}.Release|Any CPU.Build.0 = Release|Any CPU
		{1FEBDD64-F305-6F68-3F8A-2C281BC45F0E}.Debug|Any CPU.ActiveCfg = Debug|Any CPU
		{1FEBDD64-F305-6F68-3F8A-2C281BC45F0E}.Debug|Any CPU.Build.0 = Debug|Any CPU
		{1FEBDD64-F305-6F68-3F8A-2C281BC45F0E}.Release|Any CPU.ActiveCfg = Release|Any CPU
		{1FEBDD64-F305-6F68-3F8A-2C281BC45F0E}.Release|Any CPU.Build.0 = Release|Any CPU
		{B90C723B-A9ED-787F-F128-910E991E02A1}.Debug|Any CPU.ActiveCfg = Debug|Any CPU
		{B90C723B-A9ED-787F-F128-910E991E02A1}.Debug|Any CPU.Build.0 = Debug|Any CPU
		{B90C723B-A9ED-787F-F128-910E991E02A1}.Release|Any CPU.ActiveCfg = Release|Any CPU
		{B90C723B-A9ED-787F-F128-910E991E02A1}.Release|Any CPU.Build.0 = Release|Any CPU
	EndGlobalSection
	GlobalSection(SolutionProperties) = preSolution
		HideSolutionNode = FALSE
	EndGlobalSection
EndGlobal
